
Microsoft Visual Studio Solution File, Format Version 12.00
# Visual Studio 14
VisualStudioVersion = 14.0.23107.0
MinimumVisualStudioVersion = 10.0.40219.1
Project("{E24C65DC-7377-472B-9ABA-BC803B73C61A}") = "http://localhost:9999", "http://localhost:9999", "{01C8A210-9EA8-4CD2-93C0-0E552B942EC9}"
	ProjectSection(WebsiteProperties) = preProject
		UseIISExpress = "false"
		TargetFrameworkMoniker = ".NETFramework,Version%3Dv4.0"
		Debug.AspNetCompiler.VirtualPath = "/localhost_9999"
		Debug.AspNetCompiler.PhysicalPath = "..\..\ueditor1\"
		Debug.AspNetCompiler.TargetPath = "PrecompiledWeb\localhost_9999\"
		Debug.AspNetCompiler.Updateable = "true"
		Debug.AspNetCompiler.ForceOverwrite = "true"
		Debug.AspNetCompiler.FixedNames = "false"
		Debug.AspNetCompiler.Debug = "True"
		Release.AspNetCompiler.VirtualPath = "/localhost_9999"
		Release.AspNetCompiler.PhysicalPath = "..\..\ueditor1\"
		Release.AspNetCompiler.TargetPath = "PrecompiledWeb\localhost_9999\"
		Release.AspNetCompiler.Updateable = "true"
		Release.AspNetCompiler.ForceOverwrite = "true"
		Release.AspNetCompiler.FixedNames = "false"
		Release.AspNetCompiler.Debug = "False"
		SlnRelativePath = "..\..\ueditor1\"
	EndProjectSection
EndProject
Project("{E24C65DC-7377-472B-9ABA-BC803B73C61A}") = "net", "http://localhost:9999/net", "{47417F2E-7092-45E7-BF31-5A5047774F96}"
	ProjectSection(WebsiteProperties) = preProject
		UseIISExpress = "false"
		TargetFrameworkMoniker = ".NETFramework,Version%3Dv4.0"
		Debug.AspNetCompiler.VirtualPath = "/net"
		Debug.AspNetCompiler.PhysicalPath = "..\net\"
		Debug.AspNetCompiler.TargetPath = "PrecompiledWeb\net\"
		Debug.AspNetCompiler.Updateable = "true"
		Debug.AspNetCompiler.ForceOverwrite = "true"
		Debug.AspNetCompiler.FixedNames = "false"
		Debug.AspNetCompiler.Debug = "True"
		Release.AspNetCompiler.VirtualPath = "/net"
		Release.AspNetCompiler.PhysicalPath = "..\net\"
		Release.AspNetCompiler.TargetPath = "PrecompiledWeb\net\"
		Release.AspNetCompiler.Updateable = "true"
		Release.AspNetCompiler.ForceOverwrite = "true"
		Release.AspNetCompiler.FixedNames = "false"
		Release.AspNetCompiler.Debug = "False"
		SlnRelativePath = "..\net\"
	EndProjectSection
EndProject
Global
	GlobalSection(SolutionConfigurationPlatforms) = preSolution
		Debug|Any CPU = Debug|Any CPU
	EndGlobalSection
	GlobalSection(ProjectConfigurationPlatforms) = postSolution
		{01C8A210-9EA8-4CD2-93C0-0E552B942EC9}.Debug|Any CPU.ActiveCfg = Debug|Any CPU
		{01C8A210-9EA8-4CD2-93C0-0E552B942EC9}.Debug|Any CPU.Build.0 = Debug|Any CPU
		{47417F2E-7092-45E7-BF31-5A5047774F96}.Debug|Any CPU.ActiveCfg = Debug|Any CPU
		{47417F2E-7092-45E7-BF31-5A5047774F96}.Debug|Any CPU.Build.0 = Debug|Any CPU
	EndGlobalSection
	GlobalSection(SolutionProperties) = preSolution
		HideSolutionNode = FALSE
	EndGlobalSection
EndGlobal
